
Microsoft Visual Studio Solution File, Format Version 12.00
# Visual Studio Version 17
VisualStudioVersion = 17.8.34525.116
MinimumVisualStudioVersion = 10.0.40219.1
Project("{FAE04EC0-301F-11D3-BF4B-00C04F79EFBC}") = "CustomerLayout", "CustomerLayout\CustomerLayout.csproj", "{92D3AC6A-FE7C-4A13-B14C-100287AB11B7}"
EndProject
Global
	GlobalSection(SolutionConfigurationPlatforms) = preSolution
		Debug|Any CPU = Debug|Any CPU
		Release|Any CPU = Release|Any CPU
	EndGlobalSection
	GlobalSection(ProjectConfigurationPlatforms) = postSolution
		{92D3AC6A-FE7C-4A13-B14C-100287AB11B7}.Debug|Any CPU.ActiveCfg = Debug|Any CPU
		{92D3AC6A-FE7C-4A13-B14C-100287AB11B7}.Debug|Any CPU.Build.0 = Debug|Any CPU
		{92D3AC6A-FE7C-4A13-B14C-100287AB11B7}.Release|Any CPU.ActiveCfg = Release|Any CPU
		{92D3AC6A-FE7C-4A13-B14C-100287AB11B7}.Release|Any CPU.Build.0 = Release|Any CPU
	EndGlobalSection
	GlobalSection(SolutionProperties) = preSolution
		HideSolutionNode = FALSE
	EndGlobalSection
	GlobalSection(ExtensibilityGlobals) = postSolution
		SolutionGuid = {87F3BC25-58A8-422F-B636-AB420C59A34A}
	EndGlobalSection
EndGlobal
